
Microsoft Visual Studio Solution File, Format Version 12.00
# Visual Studio Version 17
VisualStudioVersion = 17.2.32519.379
MinimumVisualStudioVersion = 10.0.40219.1
Project("{FAE04EC0-301F-11D3-BF4B-00C04F79EFBC}") = "RBC Salario", "RBC Salario\RBC Salario.csproj", "{946951AE-8DD4-4F49-B446-A8A8646D6BFD}"
EndProject
Global
	GlobalSection(SolutionConfigurationPlatforms) = preSolution
		Debug|Any CPU = Debug|Any CPU
		Release|Any CPU = Release|Any CPU
	EndGlobalSection
	GlobalSection(ProjectConfigurationPlatforms) = postSolution
		{946951AE-8DD4-4F49-B446-A8A8646D6BFD}.Debug|Any CPU.ActiveCfg = Debug|Any CPU
		{946951AE-8DD4-4F49-B446-A8A8646D6BFD}.Debug|Any CPU.Build.0 = Debug|Any CPU
		{946951AE-8DD4-4F49-B446-A8A8646D6BFD}.Release|Any CPU.ActiveCfg = Release|Any CPU
		{946951AE-8DD4-4F49-B446-A8A8646D6BFD}.Release|Any CPU.Build.0 = Release|Any CPU
	EndGlobalSection
	GlobalSection(SolutionProperties) = preSolution
		HideSolutionNode = FALSE
	EndGlobalSection
	GlobalSection(ExtensibilityGlobals) = postSolution
		SolutionGuid = {7E1A16CA-B972-44BF-88B5-E221B116F3DD}
	EndGlobalSection
EndGlobal
